
Microsoft Visual Studio Solution File, Format Version 12.00
# Visual Studio Version 17
VisualStudioVersion = 17.6.33829.357
MinimumVisualStudioVersion = 10.0.40219.1
Project("{FAE04EC0-301F-11D3-BF4B-00C04F79EFBC}") = "ForLoop2", "ForLoop2\ForLoop2.csproj", "{E7C376A0-56AD-4C13-8770-089898D6FB65}"
EndProject
Global
	GlobalSection(SolutionConfigurationPlatforms) = preSolution
		Debug|Any CPU = Debug|Any CPU
		Release|Any CPU = Release|Any CPU
	EndGlobalSection
	GlobalSection(ProjectConfigurationPlatforms) = postSolution
		{E7C376A0-56AD-4C13-8770-089898D6FB65}.Debug|Any CPU.ActiveCfg = Debug|Any CPU
		{E7C376A0-56AD-4C13-8770-089898D6FB65}.Debug|Any CPU.Build.0 = Debug|Any CPU
		{E7C376A0-56AD-4C13-8770-089898D6FB65}.Release|Any CPU.ActiveCfg = Release|Any CPU
		{E7C376A0-56AD-4C13-8770-089898D6FB65}.Release|Any CPU.Build.0 = Release|Any CPU
	EndGlobalSection
	GlobalSection(SolutionProperties) = preSolution
		HideSolutionNode = FALSE
	EndGlobalSection
	GlobalSection(ExtensibilityGlobals) = postSolution
		SolutionGuid = {340181AC-84CE-41C9-BDFA-60FBFEFC2F2F}
	EndGlobalSection
EndGlobal
